// !$*UTF8*$!
{
	archiveVersion = 1;
	classes = {
	};
	objectVersion = 48;
	objects = {

/* Begin PBXBuildFile section */
		9B0CDD0920734BEB007DBF18 /* CustomColors.swift in Sources */ = {isa = PBXBuildFile; fileRef = 9B0CDD0820734BEB007DBF18 /* CustomColors.swift */; };
		9B0CDD0B207352D3007DBF18 /* ExtensionMethods.swift in Sources */ = {isa = PBXBuildFile; fileRef = 9B0CDD0A207352D3007DBF18 /* ExtensionMethods.swift */; };
		9B0CDD0E207754B7007DBF18 /* SampleClass1.swift in Sources */ = {isa = PBXBuildFile; fileRef = 9B0CDD0D207754B7007DBF18 /* SampleClass1.swift */; };
		9B564BBE20723DE600263EE9 /* AppDelegate.swift in Sources */ = {isa = PBXBuildFile; fileRef = 9B564BBD20723DE600263EE9 /* AppDelegate.swift */; };
		9B564BC020723DE600263EE9 /* ViewController.swift in Sources */ = {isa = PBXBuildFile; fileRef = 9B564BBF20723DE600263EE9 /* ViewController.swift */; };
		9B564BC320723DE600263EE9 /* Main.storyboard in Resources */ = {isa = PBXBuildFile; fileRef = 9B564BC120723DE600263EE9 /* Main.storyboard */; };
		9B564BC520723DE600263EE9 /* Assets.xcassets in Resources */ = {isa = PBXBuildFile; fileRef = 9B564BC420723DE600263EE9 /* Assets.xcassets */; };
		9B564BC820723DE600263EE9 /* LaunchScreen.storyboard in Resources */ = {isa = PBXBuildFile; fileRef = 9B564BC620723DE600263EE9 /* LaunchScreen.storyboard */; };
		B5140AA66EAB2CE839467A06 /* Pods_SnapkitSample.framework in Frameworks */ = {isa = PBXBuildFile; fileRef = BC9281E4FAFDCB1873D74A71 /* Pods_SnapkitSample.framework */; };
/* End PBXBuildFile section */

/* Begin PBXFileReference section */
		110EC3A087EF65C1B0B9F589 /* Pods-SnapkitSample.debug.xcconfig */ = {isa = PBXFileReference; includeInIndex = 1; lastKnownFileType = text.xcconfig; name = "Pods-SnapkitSample.debug.xcconfig"; path = "Pods/Target Support Files/Pods-SnapkitSample/Pods-SnapkitSample.debug.xcconfig"; sourceTree = "<group>"; };
		9B0CDD0820734BEB007DBF18 /* CustomColors.swift */ = {isa = PBXFileReference; lastKnownFileType = sourcecode.swift; path = CustomColors.swift; sourceTree = "<group>"; };
		9B0CDD0A207352D3007DBF18 /* ExtensionMethods.swift */ = {isa = PBXFileReference; lastKnownFileType = sourcecode.swift; path = ExtensionMethods.swift; sourceTree = "<group>"; };
		9B0CDD0D207754B7007DBF18 /* SampleClass1.swift */ = {isa = PBXFileReference; lastKnownFileType = sourcecode.swift; path = SampleClass1.swift; sourceTree = "<group>"; };
		9B564BBA20723DE600263EE9 /* SnapkitSample.app */ = {isa = PBXFileReference; explicitFileType = wrapper.application; includeInIndex = 0; path = SnapkitSample.app; sourceTree = BUILT_PRODUCTS_DIR; };
		9B564BBD20723DE600263EE9 /* AppDelegate.swift */ = {isa = PBXFileReference; lastKnownFileType = sourcecode.swift; path = AppDelegate.swift; sourceTree = "<group>"; };
		9B564BBF20723DE600263EE9 /* ViewController.swift */ = {isa = PBXFileReference; lastKnownFileType = sourcecode.swift; path = ViewController.swift; sourceTree = "<group>"; };
		9B564BC220723DE600263EE9 /* Base */ = {isa = PBXFileReference; lastKnownFileType = file.storyboard; name = Base; path = Base.lproj/Main.storyboard; sourceTree = "<group>"; };
		9B564BC420723DE600263EE9 /* Assets.xcassets */ = {isa = PBXFileReference; lastKnownFileType = folder.assetcatalog; path = Assets.xcassets; sourceTree = "<group>"; };
		9B564BC720723DE600263EE9 /* Base */ = {isa = PBXFileReference; lastKnownFileType = file.storyboard; name = Base; path = Base.lproj/LaunchScreen.storyboard; sourceTree = "<group>"; };
		9B564BC920723DE600263EE9 /* Info.plist */ = {isa = PBXFileReference; lastKnownFileType = text.plist.xml; path = Info.plist; sourceTree = "<group>"; };
		9ED52B6A7114485740E9527B /* Pods-SnapkitSample.release.xcconfig */ = {isa = PBXFileReference; includeInIndex = 1; lastKnownFileType = text.xcconfig; name = "Pods-SnapkitSample.release.xcconfig"; path = "Pods/Target Support Files/Pods-SnapkitSample/Pods-SnapkitSample.release.xcconfig"; sourceTree = "<group>"; };
		BC9281E4FAFDCB1873D74A71 /* Pods_SnapkitSample.framework */ = {isa = PBXFileReference; explicitFileType = wrapper.framework; includeInIndex = 0; path = Pods_SnapkitSample.framework; sourceTree = BUILT_PRODUCTS_DIR; };
/* End PBXFileReference section */

/* Begin PBXFrameworksBuildPhase section */
		9B564BB720723DE600263EE9 /* Frameworks */ = {
			isa = PBXFrameworksBuildPhase;
			buildActionMask = 2147483647;
			files = (
				B5140AA66EAB2CE839467A06 /* Pods_SnapkitSample.framework in Frameworks */,
			);
			runOnlyForDeploymentPostprocessing = 0;
		};
/* End PBXFrameworksBuildPhase section */

/* Begin PBXGroup section */
		10ACBBCAD4E22A5295699556 /* Pods */ = {
			isa = PBXGroup;
			children = (
				110EC3A087EF65C1B0B9F589 /* Pods-SnapkitSample.debug.xcconfig */,
				9ED52B6A7114485740E9527B /* Pods-SnapkitSample.release.xcconfig */,
			);
			name = Pods;
			sourceTree = "<group>";
		};
		9B0CDD0C207352E9007DBF18 /* Util */ = {
			isa = PBXGroup;
			children = (
				9B0CDD0820734BEB007DBF18 /* CustomColors.swift */,
				9B0CDD0A207352D3007DBF18 /* ExtensionMethods.swift */,
			);
			path = Util;
			sourceTree = "<group>";
		};
		9B564BB120723DE600263EE9 = {
			isa = PBXGroup;
			children = (
				9B564BBC20723DE600263EE9 /* SnapkitSample */,
				9B564BBB20723DE600263EE9 /* Products */,
				10ACBBCAD4E22A5295699556 /* Pods */,
				EB04A75BEA37709B448E46FD /* Frameworks */,
			);
			sourceTree = "<group>";
		};
		9B564BBB20723DE600263EE9 /* Products */ = {
			isa = PBXGroup;
			children = (
				9B564BBA20723DE600263EE9 /* SnapkitSample.app */,
			);
			name = Products;
			sourceTree = "<group>";
		};
		9B564BBC20723DE600263EE9 /* SnapkitSample */ = {
			isa = PBXGroup;
			children = (
				9B564BBD20723DE600263EE9 /* AppDelegate.swift */,
				9B0CDD0C207352E9007DBF18 /* Util */,
				9B564BBF20723DE600263EE9 /* ViewController.swift */,
				9B0CDD0D207754B7007DBF18 /* SampleClass1.swift */,
				9B564BC120723DE600263EE9 /* Main.storyboard */,
				9B564BC420723DE600263EE9 /* Assets.xcassets */,
				9B564BC620723DE600263EE9 /* LaunchScreen.storyboard */,
				9B564BC920723DE600263EE9 /* Info.plist */,
			);
			path = SnapkitSample;
			sourceTree = "<group>";
		};
		EB04A75BEA37709B448E46FD /* Frameworks */ = {
			isa = PBXGroup;
			children = (
				BC9281E4FAFDCB1873D74A71 /* Pods_SnapkitSample.framework */,
			);
			name = Frameworks;
			sourceTree = "<group>";
		};
/* End PBXGroup section */

/* Begin PBXNativeTarget section */
		9B564BB920723DE600263EE9 /* SnapkitSample */ = {
			isa = PBXNativeTarget;
			buildConfigurationList = 9B564BCC20723DE600263EE9 /* Build configuration list for PBXNativeTarget "SnapkitSample" */;
			buildPhases = (
				87DD37E1A2DC1F2B0FDF3018 /* [CP] Check Pods Manifest.lock */,
				9B564BB620723DE600263EE9 /* Sources */,
				9B564BB720723DE600263EE9 /* Frameworks */,
				9B564BB820723DE600263EE9 /* Resources */,
				6704B209854E7F9045F6817E /* [CP] Embed Pods Frameworks */,
				9C93A9D4C43C17DB6592B4EC /* [CP] Copy Pods Resources */,
			);
			buildRules = (
			);
			dependencies = (
			);
			name = SnapkitSample;
			productName = SnapkitSample;
			productReference = 9B564BBA20723DE600263EE9 /* SnapkitSample.app */;
			productType = "com.apple.product-type.application";
		};
/* End PBXNativeTarget section */

/* Begin PBXProject section */
		9B564BB220723DE600263EE9 /* Project object */ = {
			isa = PBXProject;
			attributes = {
				LastSwiftUpdateCheck = 0910;
				LastUpgradeCheck = 0910;
				ORGANIZATIONNAME = naren;
				TargetAttributes = {
					9B564BB920723DE600263EE9 = {
						CreatedOnToolsVersion = 9.1;
						ProvisioningStyle = Automatic;
					};
				};
			};
			buildConfigurationList = 9B564BB520723DE600263EE9 /* Build configuration list for PBXProject "SnapkitSample" */;
			compatibilityVersion = "Xcode 8.0";
			developmentRegion = en;
			hasScannedForEncodings = 0;
			knownRegions = (
				en,
				Base,
			);
			mainGroup = 9B564BB120723DE600263EE9;
			productRefGroup = 9B564BBB20723DE600263EE9 /* Products */;
			projectDirPath = "";
			projectRoot = "";
			targets = (
				9B564BB920723DE600263EE9 /* SnapkitSample */,
			);
		};
/* End PBXProject section */

/* Begin PBXResourcesBuildPhase section */
		9B564BB820723DE600263EE9 /* Resources */ = {
			isa = PBXResourcesBuildPhase;
			buildActionMask = 2147483647;
			files = (
				9B564BC820723DE600263EE9 /* LaunchScreen.storyboard in Resources */,
				9B564BC520723DE600263EE9 /* Assets.xcassets in Resources */,
				9B564BC320723DE600263EE9 /* Main.storyboard in Resources */,
			);
			runOnlyForDeploymentPostprocessing = 0;
		};
/* End PBXResourcesBuildPhase section */

/* Begin PBXShellScriptBuildPhase section */
		6704B209854E7F9045F6817E /* [CP] Embed Pods Frameworks */ = {
			isa = PBXShellScriptBuildPhase;
			buildActionMask = 2147483647;
			files = (
			);
			inputPaths = (
				"${SRCROOT}/Pods/Target Support Files/Pods-SnapkitSample/Pods-SnapkitSample-frameworks.sh",
				"${BUILT_PRODUCTS_DIR}/KeyboardWrapper/KeyboardWrapper.framework",
				"${BUILT_PRODUCTS_DIR}/SnapKit/SnapKit.framework",
			);
			name = "[CP] Embed Pods Frameworks";
			outputPaths = (
				"${TARGET_BUILD_DIR}/${FRAMEWORKS_FOLDER_PATH}/KeyboardWrapper.framework",
				"${TARGET_BUILD_DIR}/${FRAMEWORKS_FOLDER_PATH}/SnapKit.framework",
			);
			runOnlyForDeploymentPostprocessing = 0;
			shellPath = /bin/sh;
			shellScript = "\"${SRCROOT}/Pods/Target Support Files/Pods-SnapkitSample/Pods-SnapkitSample-frameworks.sh\"\n";
			showEnvVarsInLog = 0;
		};
		87DD37E1A2DC1F2B0FDF3018 /* [CP] Check Pods Manifest.lock */ = {
			isa = PBXShellScriptBuildPhase;
			buildActionMask = 2147483647;
			files = (
			);
			inputPaths = (
				"${PODS_PODFILE_DIR_PATH}/Podfile.lock",
				"${PODS_ROOT}/Manifest.lock",
			);
			name = "[CP] Check Pods Manifest.lock";
			outputPaths = (
				"$(DERIVED_FILE_DIR)/Pods-SnapkitSample-checkManifestLockResult.txt",
			);
			runOnlyForDeploymentPostprocessing = 0;
			shellPath = /bin/sh;
			shellScript = "diff \"${PODS_PODFILE_DIR_PATH}/Podfile.lock\" \"${PODS_ROOT}/Manifest.lock\" > /dev/null\nif [ $? != 0 ] ; then\n    # print error to STDERR\n    echo \"error: The sandbox is not in sync with the Podfile.lock. Run 'pod install' or update your CocoaPods installation.\" >&2\n    exit 1\nfi\n# This output is used by Xcode 'outputs' to avoid re-running this script phase.\necho \"SUCCESS\" > \"${SCRIPT_OUTPUT_FILE_0}\"\n";
			showEnvVarsInLog = 0;
		};
		9C93A9D4C43C17DB6592B4EC /* [CP] Copy Pods Resources */ = {
			isa = PBXShellScriptBuildPhase;
			buildActionMask = 2147483647;
			files = (
			);
			inputPaths = (
			);
			name = "[CP] Copy Pods Resources";
			outputPaths = (
			);
			runOnlyForDeploymentPostprocessing = 0;
			shellPath = /bin/sh;
			shellScript = "\"${SRCROOT}/Pods/Target Support Files/Pods-SnapkitSample/Pods-SnapkitSample-resources.sh\"\n";
			showEnvVarsInLog = 0;
		};
/* End PBXShellScriptBuildPhase section */

/* Begin PBXSourcesBuildPhase section */
		9B564BB620723DE600263EE9 /* Sources */ = {
			isa = PBXSourcesBuildPhase;
			buildActionMask = 2147483647;
			files = (
				9B564BC020723DE600263EE9 /* ViewController.swift in Sources */,
				9B0CDD0920734BEB007DBF18 /* CustomColors.swift in Sources */,
				9B0CDD0B207352D3007DBF18 /* ExtensionMethods.swift in Sources */,
				9B564BBE20723DE600263EE9 /* AppDelegate.swift in Sources */,
				9B0CDD0E207754B7007DBF18 /* SampleClass1.swift in Sources */,
			);
			runOnlyForDeploymentPostprocessing = 0;
		};
/* End PBXSourcesBuildPhase section */

/* Begin PBXVariantGroup section */
		9B564BC120723DE600263EE9 /* Main.storyboard */ = {
			isa = PBXVariantGroup;
			children = (
				9B564BC220723DE600263EE9 /* Base */,
			);
			name = Main.storyboard;
			sourceTree = "<group>";
		};
		9B564BC620723DE600263EE9 /* LaunchScreen.storyboard */ = {
			isa = PBXVariantGroup;
			children = (
				9B564BC720723DE600263EE9 /* Base */,
			);
			name = LaunchScreen.storyboard;
			sourceTree = "<group>";
		};
/* End PBXVariantGroup section */

/* Begin XCBuildConfiguration section */
		9B564BCA20723DE600263EE9 /* Debug */ = {
			isa = XCBuildConfiguration;
			buildSettings = {
				ALWAYS_SEARCH_USER_PATHS = NO;
				CLANG_ANALYZER_NONNULL = YES;
				CLANG_ANALYZER_NUMBER_OBJECT_CONVERSION = YES_AGGRESSIVE;
				CLANG_CXX_LANGUAGE_STANDARD = "gnu++14";
				CLANG_CXX_LIBRARY = "libc++";
				CLANG_ENABLE_MODULES = YES;
				CLANG_ENABLE_OBJC_ARC = YES;
				CLANG_WARN_BLOCK_CAPTURE_AUTORELEASING = YES;
				CLANG_WARN_BOOL_CONVERSION = YES;
				CLANG_WARN_COMMA = YES;
				CLANG_WARN_CONSTANT_CONVERSION = YES;
				CLANG_WARN_DIRECT_OBJC_ISA_USAGE = YES_ERROR;
				CLANG_WARN_DOCUMENTATION_COMMENTS = YES;
				CLANG_WARN_EMPTY_BODY = YES;
				CLANG_WARN_ENUM_CONVERSION = YES;
				CLANG_WARN_INFINITE_RECURSION = YES;
				CLANG_WARN_INT_CONVERSION = YES;
				CLANG_WARN_NON_LITERAL_NULL_CONVERSION = YES;
				CLANG_WARN_OBJC_LITERAL_CONVERSION = YES;
				CLANG_WARN_OBJC_ROOT_CLASS = YES_ERROR;
				CLANG_WARN_RANGE_LOOP_ANALYSIS = YES;
				CLANG_WARN_STRICT_PROTOTYPES = YES;
				CLANG_WARN_SUSPICIOUS_MOVE = YES;
				CLANG_WARN_UNGUARDED_AVAILABILITY = YES_AGGRESSIVE;
				CLANG_WARN_UNREACHABLE_CODE = YES;
				CLANG_WARN__DUPLICATE_METHOD_MATCH = YES;
				CODE_SIGN_IDENTITY = "iPhone Developer";
				COPY_PHASE_STRIP = NO;
				DEBUG_INFORMATION_FORMAT = dwarf;
				ENABLE_STRICT_OBJC_MSGSEND = YES;
				ENABLE_TESTABILITY = YES;
				GCC_C_LANGUAGE_STANDARD = gnu11;
				GCC_DYNAMIC_NO_PIC = NO;
				GCC_NO_COMMON_BLOCKS = YES;
				GCC_OPTIMIZATION_LEVEL = 0;
				GCC_PREPROCESSOR_DEFINITIONS = (
					"DEBUG=1",
					"$(inherited)",
				);
				GCC_WARN_64_TO_32_BIT_CONVERSION = YES;
				GCC_WARN_ABOUT_RETURN_TYPE = YES_ERROR;
				GCC_WARN_UNDECLARED_SELECTOR = YES;
				GCC_WARN_UNINITIALIZED_AUTOS = YES_AGGRESSIVE;
				GCC_WARN_UNUSED_FUNCTION = YES;
				GCC_WARN_UNUSED_VARIABLE = YES;
				IPHONEOS_DEPLOYMENT_TARGET = 11.1;
				MTL_ENABLE_DEBUG_INFO = YES;
				ONLY_ACTIVE_ARCH = YES;
				SDKROOT = iphoneos;
				SWIFT_ACTIVE_COMPILATION_CONDITIONS = DEBUG;
				SWIFT_OPTIMIZATION_LEVEL = "-Onone";
			};
			name = Debug;
		};
		9B564BCB20723DE600263EE9 /* Release */ = {
			isa = XCBuildConfiguration;
			buildSettings = {
				ALWAYS_SEARCH_USER_PATHS = NO;
				CLANG_ANALYZER_NONNULL = YES;
				CLANG_ANALYZER_NUMBER_OBJECT_CONVERSION = YES_AGGRESSIVE;
				CLANG_CXX_LANGUAGE_STANDARD = "gnu++14";
				CLANG_CXX_LIBRARY = "libc++";
				CLANG_ENABLE_MODULES = YES;
				CLANG_ENABLE_OBJC_ARC = YES;
				CLANG_WARN_BLOCK_CAPTURE_AUTORELEASING = YES;
				CLANG_WARN_BOOL_CONVERSION = YES;
				CLANG_WARN_COMMA = YES;
				CLANG_WARN_CONSTANT_CONVERSION = YES;
				CLANG_WARN_DIRECT_OBJC_ISA_USAGE = YES_ERROR;
				CLANG_WARN_DOCUMENTATION_COMMENTS = YES;
				CLANG_WARN_EMPTY_BODY = YES;
				CLANG_WARN_ENUM_CONVERSION = YES;
				CLANG_WARN_INFINITE_RECURSION = YES;
				CLANG_WARN_INT_CONVERSION = YES;
				CLANG_WARN_NON_LITERAL_NULL_CONVERSION = YES;
				CLANG_WARN_OBJC_LITERAL_CONVERSION = YES;
				CLANG_WARN_OBJC_ROOT_CLASS = YES_ERROR;
				CLANG_WARN_RANGE_LOOP_ANALYSIS = YES;
				CLANG_WARN_STRICT_PROTOTYPES = YES;
				CLANG_WARN_SUSPICIOUS_MOVE = YES;
				CLANG_WARN_UNGUARDED_AVAILABILITY = YES_AGGRESSIVE;
				CLANG_WARN_UNREACHABLE_CODE = YES;
				CLANG_WARN__DUPLICATE_METHOD_MATCH = YES;
				CODE_SIGN_IDENTITY = "iPhone Developer";
				COPY_PHASE_STRIP = NO;
				DEBUG_INFORMATION_FORMAT = "dwarf-with-dsym";
				ENABLE_NS_ASSERTIONS = NO;
				ENABLE_STRICT_OBJC_MSGSEND = YES;
				GCC_C_LANGUAGE_STANDARD = gnu11;
				GCC_NO_COMMON_BLOCKS = YES;
				GCC_WARN_64_TO_32_BIT_CONVERSION = YES;
				GCC_WARN_ABOUT_RETURN_TYPE = YES_ERROR;
				GCC_WARN_UNDECLARED_SELECTOR = YES;
				GCC_WARN_UNINITIALIZED_AUTOS = YES_AGGRESSIVE;
				GCC_WARN_UNUSED_FUNCTION = YES;
				GCC_WARN_UNUSED_VARIABLE = YES;
				IPHONEOS_DEPLOYMENT_TARGET = 11.1;
				MTL_ENABLE_DEBUG_INFO = NO;
				SDKROOT = iphoneos;
				SWIFT_OPTIMIZATION_LEVEL = "-Owholemodule";
				VALIDATE_PRODUCT = YES;
			};
			name = Release;
		};
		9B564BCD20723DE600263EE9 /* Debug */ = {
			isa = XCBuildConfiguration;
			baseConfigurationReference = 110EC3A087EF65C1B0B9F589 /* Pods-SnapkitSample.debug.xcconfig */;
			buildSettings = {
				ASSETCATALOG_COMPILER_APPICON_NAME = AppIcon;
				CODE_SIGN_STYLE = Automatic;
				DEVELOPMENT_TEAM = 238NF34X2R;
				INFOPLIST_FILE = SnapkitSample/Info.plist;
				LD_RUNPATH_SEARCH_PATHS = "$(inherited) @executable_path/Frameworks";
				PRODUCT_BUNDLE_IDENTIFIER = naren.SnapkitSample;
				PRODUCT_NAME = "$(TARGET_NAME)";
				SWIFT_VERSION = 4.0;
				TARGETED_DEVICE_FAMILY = "1,2";
			};
			name = Debug;
		};
		9B564BCE20723DE600263EE9 /* Release */ = {
			isa = XCBuildConfiguration;
			baseConfigurationReference = 9ED52B6A7114485740E9527B /* Pods-SnapkitSample.release.xcconfig */;
			buildSettings = {
				ASSETCATALOG_COMPILER_APPICON_NAME = AppIcon;
				CODE_SIGN_STYLE = Automatic;
				DEVELOPMENT_TEAM = 238NF34X2R;
				INFOPLIST_FILE = SnapkitSample/Info.plist;
				LD_RUNPATH_SEARCH_PATHS = "$(inherited) @executable_path/Frameworks";
				PRODUCT_BUNDLE_IDENTIFIER = naren.SnapkitSample;
				PRODUCT_NAME = "$(TARGET_NAME)";
				SWIFT_VERSION = 4.0;
				TARGETED_DEVICE_FAMILY = "1,2";
			};
			name = Release;
		};
/* End XCBuildConfiguration section */

/* Begin XCConfigurationList section */
		9B564BB520723DE600263EE9 /* Build configuration list for PBXProject "SnapkitSample" */ = {
			isa = XCConfigurationList;
			buildConfigurations = (
				9B564BCA20723DE600263EE9 /* Debug */,
				9B564BCB20723DE600263EE9 /* Release */,
			);
			defaultConfigurationIsVisible = 0;
			defaultConfigurationName = Release;
		};
		9B564BCC20723DE600263EE9 /* Build configuration list for PBXNativeTarget "SnapkitSample" */ = {
			isa = XCConfigurationList;
			buildConfigurations = (
				9B564BCD20723DE600263EE9 /* Debug */,
				9B564BCE20723DE600263EE9 /* Release */,
			);
			defaultConfigurationIsVisible = 0;
			defaultConfigurationName = Release;
		};
/* End XCConfigurationList section */
	};
	rootObject = 9B564BB220723DE600263EE9 /* Project object */;
}
